
Microsoft Visual Studio Solution File, Format Version 12.00
# Visual Studio Version 16
VisualStudioVersion = 16.0.30907.101
MinimumVisualStudioVersion = 10.0.40219.1
Project("{FAE04EC0-301F-11D3-BF4B-00C04F79EFBC}") = "HelloGame", "HelloGame\HelloGame.csproj", "{0ED7EFD1-69E5-413C-A3FA-50A40CBA9D46}"
EndProject
Global
	GlobalSection(SolutionConfigurationPlatforms) = preSolution
		Debug|Any CPU = Debug|Any CPU
		Release|Any CPU = Release|Any CPU
	EndGlobalSection
	GlobalSection(ProjectConfigurationPlatforms) = postSolution
		{0ED7EFD1-69E5-413C-A3FA-50A40CBA9D46}.Debug|Any CPU.ActiveCfg = Debug|Any CPU
		{0ED7EFD1-69E5-413C-A3FA-50A40CBA9D46}.Debug|Any CPU.Build.0 = Debug|Any CPU
		{0ED7EFD1-69E5-413C-A3FA-50A40CBA9D46}.Release|Any CPU.ActiveCfg = Release|Any CPU
		{0ED7EFD1-69E5-413C-A3FA-50A40CBA9D46}.Release|Any CPU.Build.0 = Release|Any CPU
	EndGlobalSection
	GlobalSection(SolutionProperties) = preSolution
		HideSolutionNode = FALSE
	EndGlobalSection
	GlobalSection(ExtensibilityGlobals) = postSolution
		SolutionGuid = {C808B3DD-181A-43E9-89B6-E1F312DC8733}
	EndGlobalSection
EndGlobal
